
Microsoft Visual Studio Solution File, Format Version 12.00
# Visual Studio 2013
VisualStudioVersion = 12.0.31101.0
MinimumVisualStudioVersion = 10.0.40219.1
Project("{FAE04EC0-301F-11D3-BF4B-00C04F79EFBC}") = "BUILDLet.WOL", "BUILDLet.WOL\BUILDLet.WOL.csproj", "{B87844A5-3BB1-476D-992E-BD4A143DA4E1}"
EndProject
Project("{FAE04EC0-301F-11D3-BF4B-00C04F79EFBC}") = "BUILDLet.Utilities", "BUILDLet.Utilities\BUILDLet.Utilities.csproj", "{7955897B-7BB9-46A7-A4D3-039F0433C983}"
EndProject
Project("{FAE04EC0-301F-11D3-BF4B-00C04F79EFBC}") = "BUILDLet.Utilities.WPF", "BUILDLet.Utilities.WPF\BUILDLet.Utilities.WPF.csproj", "{E40A3CC0-5FD4-4E0D-85CD-B1C0EA6B3FAF}"
EndProject
Project("{FAE04EC0-301F-11D3-BF4B-00C04F79EFBC}") = "BUILDLet.UtilitiesTest", "BUILDLet.UtilitiesTest\BUILDLet.UtilitiesTest.csproj", "{E9A430CF-6894-4CA6-9E64-6E5266D1545C}"
EndProject
Project("{FAE04EC0-301F-11D3-BF4B-00C04F79EFBC}") = "BUILDLet.Utilities.WPFTest", "BUILDLet.Utilities.WPFTest\BUILDLet.Utilities.WPFTest.csproj", "{4A5D7CDC-950C-4721-ABB2-0F38D1F71480}"
EndProject
Project("{7CF6DF6D-3B04-46F8-A40B-537D21BCA0B4}") = "BUILDLet.UtilitiesDocumentation", "BUILDLet.UtilitiesDocumentation\BUILDLet.UtilitiesDocumentation.shfbproj", "{764F9ECC-EA6D-4ED6-AC6A-A895A4C84E89}"
	ProjectSection(ProjectDependencies) = postProject
		{7955897B-7BB9-46A7-A4D3-039F0433C983} = {7955897B-7BB9-46A7-A4D3-039F0433C983}
		{E40A3CC0-5FD4-4E0D-85CD-B1C0EA6B3FAF} = {E40A3CC0-5FD4-4E0D-85CD-B1C0EA6B3FAF}
	EndProjectSection
EndProject
Project("{930C7802-8A8C-48F9-8165-68863BCCD9DD}") = "BUILDLet.WOLSetup", "BUILDLet.WOLSetup\BUILDLet.WOLSetup.wixproj", "{21F701FA-C03E-41E0-839A-39872AA98716}"
	ProjectSection(ProjectDependencies) = postProject
		{B87844A5-3BB1-476D-992E-BD4A143DA4E1} = {B87844A5-3BB1-476D-992E-BD4A143DA4E1}
	EndProjectSection
EndProject
Project("{930C7802-8A8C-48F9-8165-68863BCCD9DD}") = "BUILDLet.WOLSetupBootstrapper", "BUILDLet.WOLSetupBootstrapper\BUILDLet.WOLSetupBootstrapper.wixproj", "{86008A55-2DFD-4B74-8ADD-7F3D22AC292D}"
	ProjectSection(ProjectDependencies) = postProject
		{21F701FA-C03E-41E0-839A-39872AA98716} = {21F701FA-C03E-41E0-839A-39872AA98716}
	EndProjectSection
EndProject
Project("{2150E333-8FDC-42A3-9474-1A3956D46DE8}") = "Version", "Version", "{027248A7-BA3C-4E13-A293-B7365A7DB6D2}"
	ProjectSection(SolutionItems) = preProject
		Version\AssemblyManufacturerInfo.cs = Version\AssemblyManufacturerInfo.cs
		Version\AssemblyVersionInfo.cs = Version\AssemblyVersionInfo.cs
		Version\InstallerInfo.wxi = Version\InstallerInfo.wxi
		Version\PowerShellAssemblyVersionInfo.cs = Version\PowerShellAssemblyVersionInfo.cs
	EndProjectSection
EndProject
Project("{2150E333-8FDC-42A3-9474-1A3956D46DE8}") = "Link", "Link", "{6E889817-C38C-47C6-B0D9-54BF15A05F1D}"
	ProjectSection(SolutionItems) = preProject
		BUILDLet.Utilities.PowerShell\BUILDLet.Utilities.PowerShell.psd1 = BUILDLet.Utilities.PowerShell\BUILDLet.Utilities.PowerShell.psd1
		BUILDLet.Utilities.PowerShellTest\BUILDLet.Utilities.PowerShell.Tests.ps1 = BUILDLet.Utilities.PowerShellTest\BUILDLet.Utilities.PowerShell.Tests.ps1
	EndProjectSection
	ProjectSection(FolderStartupServices) = postProject
		{82A7F48D-3B50-4B1E-B82E-3ADA8210C358} = {82A7F48D-3B50-4B1E-B82E-3ADA8210C358}
	EndProjectSection
EndProject
Project("{2150E333-8FDC-42A3-9474-1A3956D46DE8}") = "BUILDLet.Utilities.PowerShellTest", "BUILDLet.Utilities.PowerShellTest", "{E997E7F1-13CF-4EA8-B6B5-B759261A72CD}"
	ProjectSection(SolutionItems) = preProject
		BUILDLet.Utilities.PowerShellTest\BUILDLet.Utilities.PowerShell.Tests.ps1 = BUILDLet.Utilities.PowerShellTest\BUILDLet.Utilities.PowerShell.Tests.ps1
	EndProjectSection
EndProject
Project("{2150E333-8FDC-42A3-9474-1A3956D46DE8}") = "BUILDLet.TestData.Win32", "BUILDLet.TestData.Win32", "{F39163E9-2851-496D-8F98-32C6A8E3994C}"
EndProject
Project("{2150E333-8FDC-42A3-9474-1A3956D46DE8}") = "BUILDLet.TestData.ConsoleApplications", "BUILDLet.TestData.ConsoleApplications", "{34E0B07A-86F9-46C9-9CB4-2458D352F78D}"
EndProject
Project("{FAE04EC0-301F-11D3-BF4B-00C04F79EFBC}") = "exit999", "BUILDLet.TestData.ConsoleApplications\exit999\exit999.csproj", "{E4FBF1C9-1FEF-4F25-9168-7819FCF662A6}"
EndProject
Project("{FAE04EC0-301F-11D3-BF4B-00C04F79EFBC}") = "randum300", "BUILDLet.TestData.ConsoleApplications\randum300\randum300.csproj", "{5BC4DF28-4AAC-4D92-AC5A-92F2C3D1C4F9}"
EndProject
Project("{FAE04EC0-301F-11D3-BF4B-00C04F79EFBC}") = "stderr300", "BUILDLet.TestData.ConsoleApplications\stderr300\stderr300.csproj", "{4663201F-C1EB-41EC-A059-74FB78768324}"
EndProject
Project("{FAE04EC0-301F-11D3-BF4B-00C04F79EFBC}") = "stdout300", "BUILDLet.TestData.ConsoleApplications\stdout300\stdout300.csproj", "{65331C87-6B19-4E66-A0B1-F8CAC98B0011}"
EndProject
Project("{2150E333-8FDC-42A3-9474-1A3956D46DE8}") = "Common", "Common", "{A321199E-9DEF-4DA2-86D0-4496BA6E0DA8}"
	ProjectSection(SolutionItems) = preProject
		..\Common\InstallerGUID.wxi = ..\Common\InstallerGUID.wxi
		..\Common\Manufacturer.wxi = ..\Common\Manufacturer.wxi
		..\Common\ResourceFiles.wxi = ..\Common\ResourceFiles.wxi
	EndProjectSection
EndProject
Project("{2150E333-8FDC-42A3-9474-1A3956D46DE8}") = "Resources", "Resources", "{ADE35221-1647-47EE-9C41-4B059F9D5B66}"
EndProject
Project("{2150E333-8FDC-42A3-9474-1A3956D46DE8}") = "TestData", "TestData", "{E7AC1F5A-D163-468F-A9B2-C1B6A72F95A1}"
EndProject
Project("{FAE04EC0-301F-11D3-BF4B-00C04F79EFBC}") = "BUILDLet.Utilities.PowerShell", "BUILDLet.Utilities.PowerShell\BUILDLet.Utilities.PowerShell.csproj", "{3FD2E411-F7FC-4D5C-9F2C-6D934CA98F23}"
	ProjectSection(ProjectDependencies) = postProject
		{7955897B-7BB9-46A7-A4D3-039F0433C983} = {7955897B-7BB9-46A7-A4D3-039F0433C983}
	EndProjectSection
EndProject
Project("{930C7802-8A8C-48F9-8165-68863BCCD9DD}") = "BUILDLet.Utilities.PowerShellSetup", "BUILDLet.Utilities.PowerShellSetup\BUILDLet.Utilities.PowerShellSetup.wixproj", "{7DDF6306-9B87-445F-8B0C-7C13002D7D61}"
	ProjectSection(ProjectDependencies) = postProject
		{3FD2E411-F7FC-4D5C-9F2C-6D934CA98F23} = {3FD2E411-F7FC-4D5C-9F2C-6D934CA98F23}
	EndProjectSection
EndProject
Project("{930C7802-8A8C-48F9-8165-68863BCCD9DD}") = "BUILDLet.Utilities.PowerShellSetup64", "BUILDLet.Utilities.PowerShellSetup64\BUILDLet.Utilities.PowerShellSetup64.wixproj", "{919EEC56-F7C7-482E-BB49-09A89B15C443}"
	ProjectSection(ProjectDependencies) = postProject
		{3FD2E411-F7FC-4D5C-9F2C-6D934CA98F23} = {3FD2E411-F7FC-4D5C-9F2C-6D934CA98F23}
	EndProjectSection
EndProject
Project("{930C7802-8A8C-48F9-8165-68863BCCD9DD}") = "BUILDLet.Utilities.PowerShellSetupBootstrapper", "BUILDLet.Utilities.PowerShellSetupBootstrapper\BUILDLet.Utilities.PowerShellSetupBootstrapper.wixproj", "{52CD87BC-1ED8-4EA5-8016-5491198679E4}"
	ProjectSection(ProjectDependencies) = postProject
		{7DDF6306-9B87-445F-8B0C-7C13002D7D61} = {7DDF6306-9B87-445F-8B0C-7C13002D7D61}
		{919EEC56-F7C7-482E-BB49-09A89B15C443} = {919EEC56-F7C7-482E-BB49-09A89B15C443}
	EndProjectSection
EndProject
Global
	GlobalSection(TeamFoundationVersionControl) = preSolution
		SccNumberOfProjects = 17
		SccEnterpriseProvider = {4CA58AB2-18FA-4F8D-95D4-32DDF27D184C}
		SccTeamFoundationServer = https://dsakam.visualstudio.com/defaultcollection
		SccLocalPath0 = .
		SccProjectUniqueName1 = BUILDLet.TestData.ConsoleApplications\\exit999\\exit999.csproj
		SccProjectTopLevelParentUniqueName1 = Utilities.sln
		SccProjectName1 = BUILDLet.TestData.ConsoleApplications/exit999
		SccLocalPath1 = BUILDLet.TestData.ConsoleApplications\\exit999
		SccProjectUniqueName2 = BUILDLet.TestData.ConsoleApplications\\randum300\\randum300.csproj
		SccProjectTopLevelParentUniqueName2 = Utilities.sln
		SccProjectName2 = BUILDLet.TestData.ConsoleApplications/randum300
		SccLocalPath2 = BUILDLet.TestData.ConsoleApplications\\randum300
		SccProjectUniqueName3 = BUILDLet.TestData.ConsoleApplications\\stderr300\\stderr300.csproj
		SccProjectTopLevelParentUniqueName3 = Utilities.sln
		SccProjectName3 = BUILDLet.TestData.ConsoleApplications/stderr300
		SccLocalPath3 = BUILDLet.TestData.ConsoleApplications\\stderr300
		SccProjectUniqueName4 = BUILDLet.TestData.ConsoleApplications\\stdout300\\stdout300.csproj
		SccProjectTopLevelParentUniqueName4 = Utilities.sln
		SccProjectName4 = BUILDLet.TestData.ConsoleApplications/stdout300
		SccLocalPath4 = BUILDLet.TestData.ConsoleApplications\\stdout300
		SccProjectUniqueName5 = BUILDLet.Utilities.WPF\\BUILDLet.Utilities.WPF.csproj
		SccProjectName5 = BUILDLet.Utilities.WPF
		SccLocalPath5 = BUILDLet.Utilities.WPF
		SccProjectUniqueName6 = BUILDLet.Utilities\\BUILDLet.Utilities.csproj
		SccProjectName6 = BUILDLet.Utilities
		SccLocalPath6 = BUILDLet.Utilities
		SccProjectUniqueName7 = BUILDLet.UtilitiesDocumentation\\BUILDLet.UtilitiesDocumentation.shfbproj
		SccProjectName7 = BUILDLet.UtilitiesDocumentation
		SccLocalPath7 = BUILDLet.UtilitiesDocumentation
		SccProjectUniqueName8 = BUILDLet.WOL\\BUILDLet.WOL.csproj
		SccProjectName8 = BUILDLet.WOL
		SccLocalPath8 = BUILDLet.WOL
		SccProjectUniqueName9 = BUILDLet.WOLSetup\\BUILDLet.WOLSetup.wixproj
		SccProjectName9 = BUILDLet.WOLSetup
		SccLocalPath9 = BUILDLet.WOLSetup
		SccProjectUniqueName10 = BUILDLet.WOLSetupBootstrapper\\BUILDLet.WOLSetupBootstrapper.wixproj
		SccProjectName10 = BUILDLet.WOLSetupBootstrapper
		SccLocalPath10 = BUILDLet.WOLSetupBootstrapper
		SccProjectUniqueName11 = BUILDLet.Utilities.WPFTest\\BUILDLet.Utilities.WPFTest.csproj
		SccProjectName11 = BUILDLet.Utilities.WPFTest
		SccLocalPath11 = BUILDLet.Utilities.WPFTest
		SccProjectUniqueName12 = BUILDLet.UtilitiesTest\\BUILDLet.UtilitiesTest.csproj
		SccProjectName12 = BUILDLet.UtilitiesTest
		SccLocalPath12 = BUILDLet.UtilitiesTest
		SccProjectUniqueName13 = BUILDLet.Utilities.PowerShell\\BUILDLet.Utilities.PowerShell.csproj
		SccProjectName13 = BUILDLet.Utilities.PowerShell
		SccLocalPath13 = BUILDLet.Utilities.PowerShell
		SccProjectUniqueName14 = BUILDLet.Utilities.PowerShellSetup\\BUILDLet.Utilities.PowerShellSetup.wixproj
		SccProjectName14 = BUILDLet.Utilities.PowerShellSetup
		SccLocalPath14 = BUILDLet.Utilities.PowerShellSetup
		SccProjectUniqueName15 = BUILDLet.Utilities.PowerShellSetup64\\BUILDLet.Utilities.PowerShellSetup64.wixproj
		SccProjectName15 = BUILDLet.Utilities.PowerShellSetup64
		SccLocalPath15 = BUILDLet.Utilities.PowerShellSetup64
		SccProjectUniqueName16 = BUILDLet.Utilities.PowerShellSetupBootstrapper\\BUILDLet.Utilities.PowerShellSetupBootstrapper.wixproj
		SccProjectName16 = BUILDLet.Utilities.PowerShellSetupBootstrapper
		SccLocalPath16 = BUILDLet.Utilities.PowerShellSetupBootstrapper
	EndGlobalSection
	GlobalSection(SolutionConfigurationPlatforms) = preSolution
		Debug|Any CPU = Debug|Any CPU
		Debug|Mixed Platforms = Debug|Mixed Platforms
		Debug|Win32 = Debug|Win32
		Debug|x86 = Debug|x86
		Release|Any CPU = Release|Any CPU
		Release|Mixed Platforms = Release|Mixed Platforms
		Release|Win32 = Release|Win32
		Release|x86 = Release|x86
	EndGlobalSection
	GlobalSection(ProjectConfigurationPlatforms) = postSolution
		{B87844A5-3BB1-476D-992E-BD4A143DA4E1}.Debug|Any CPU.ActiveCfg = Debug|Any CPU
		{B87844A5-3BB1-476D-992E-BD4A143DA4E1}.Debug|Any CPU.Build.0 = Debug|Any CPU
		{B87844A5-3BB1-476D-992E-BD4A143DA4E1}.Debug|Mixed Platforms.ActiveCfg = Debug|Any CPU
		{B87844A5-3BB1-476D-992E-BD4A143DA4E1}.Debug|Mixed Platforms.Build.0 = Debug|Any CPU
		{B87844A5-3BB1-476D-992E-BD4A143DA4E1}.Debug|Win32.ActiveCfg = Debug|Any CPU
		{B87844A5-3BB1-476D-992E-BD4A143DA4E1}.Debug|x86.ActiveCfg = Debug|Any CPU
		{B87844A5-3BB1-476D-992E-BD4A143DA4E1}.Release|Any CPU.ActiveCfg = Release|Any CPU
		{B87844A5-3BB1-476D-992E-BD4A143DA4E1}.Release|Any CPU.Build.0 = Release|Any CPU
		{B87844A5-3BB1-476D-992E-BD4A143DA4E1}.Release|Mixed Platforms.ActiveCfg = Release|Any CPU
		{B87844A5-3BB1-476D-992E-BD4A143DA4E1}.Release|Mixed Platforms.Build.0 = Release|Any CPU
		{B87844A5-3BB1-476D-992E-BD4A143DA4E1}.Release|Win32.ActiveCfg = Release|Any CPU
		{B87844A5-3BB1-476D-992E-BD4A143DA4E1}.Release|x86.ActiveCfg = Release|Any CPU
		{7955897B-7BB9-46A7-A4D3-039F0433C983}.Debug|Any CPU.ActiveCfg = Debug|Any CPU
		{7955897B-7BB9-46A7-A4D3-039F0433C983}.Debug|Any CPU.Build.0 = Debug|Any CPU
		{7955897B-7BB9-46A7-A4D3-039F0433C983}.Debug|Mixed Platforms.ActiveCfg = Debug|Any CPU
		{7955897B-7BB9-46A7-A4D3-039F0433C983}.Debug|Mixed Platforms.Build.0 = Debug|Any CPU
		{7955897B-7BB9-46A7-A4D3-039F0433C983}.Debug|Win32.ActiveCfg = Debug|Any CPU
		{7955897B-7BB9-46A7-A4D3-039F0433C983}.Debug|x86.ActiveCfg = Debug|Any CPU
		{7955897B-7BB9-46A7-A4D3-039F0433C983}.Release|Any CPU.ActiveCfg = Release|Any CPU
		{7955897B-7BB9-46A7-A4D3-039F0433C983}.Release|Any CPU.Build.0 = Release|Any CPU
		{7955897B-7BB9-46A7-A4D3-039F0433C983}.Release|Mixed Platforms.ActiveCfg = Release|Any CPU
		{7955897B-7BB9-46A7-A4D3-039F0433C983}.Release|Mixed Platforms.Build.0 = Release|Any CPU
		{7955897B-7BB9-46A7-A4D3-039F0433C983}.Release|Win32.ActiveCfg = Release|Any CPU
		{7955897B-7BB9-46A7-A4D3-039F0433C983}.Release|x86.ActiveCfg = Release|Any CPU
		{E40A3CC0-5FD4-4E0D-85CD-B1C0EA6B3FAF}.Debug|Any CPU.ActiveCfg = Debug|Any CPU
		{E40A3CC0-5FD4-4E0D-85CD-B1C0EA6B3FAF}.Debug|Any CPU.Build.0 = Debug|Any CPU
		{E40A3CC0-5FD4-4E0D-85CD-B1C0EA6B3FAF}.Debug|Mixed Platforms.ActiveCfg = Debug|Any CPU
		{E40A3CC0-5FD4-4E0D-85CD-B1C0EA6B3FAF}.Debug|Mixed Platforms.Build.0 = Debug|Any CPU
		{E40A3CC0-5FD4-4E0D-85CD-B1C0EA6B3FAF}.Debug|Win32.ActiveCfg = Debug|Any CPU
		{E40A3CC0-5FD4-4E0D-85CD-B1C0EA6B3FAF}.Debug|x86.ActiveCfg = Debug|Any CPU
		{E40A3CC0-5FD4-4E0D-85CD-B1C0EA6B3FAF}.Release|Any CPU.ActiveCfg = Release|Any CPU
		{E40A3CC0-5FD4-4E0D-85CD-B1C0EA6B3FAF}.Release|Any CPU.Build.0 = Release|Any CPU
		{E40A3CC0-5FD4-4E0D-85CD-B1C0EA6B3FAF}.Release|Mixed Platforms.ActiveCfg = Release|Any CPU
		{E40A3CC0-5FD4-4E0D-85CD-B1C0EA6B3FAF}.Release|Mixed Platforms.Build.0 = Release|Any CPU
		{E40A3CC0-5FD4-4E0D-85CD-B1C0EA6B3FAF}.Release|Win32.ActiveCfg = Release|Any CPU
		{E40A3CC0-5FD4-4E0D-85CD-B1C0EA6B3FAF}.Release|x86.ActiveCfg = Release|Any CPU
		{E9A430CF-6894-4CA6-9E64-6E5266D1545C}.Debug|Any CPU.ActiveCfg = Debug|Any CPU
		{E9A430CF-6894-4CA6-9E64-6E5266D1545C}.Debug|Any CPU.Build.0 = Debug|Any CPU
		{E9A430CF-6894-4CA6-9E64-6E5266D1545C}.Debug|Mixed Platforms.ActiveCfg = Debug|Any CPU
		{E9A430CF-6894-4CA6-9E64-6E5266D1545C}.Debug|Mixed Platforms.Build.0 = Debug|Any CPU
		{E9A430CF-6894-4CA6-9E64-6E5266D1545C}.Debug|Win32.ActiveCfg = Debug|Any CPU
		{E9A430CF-6894-4CA6-9E64-6E5266D1545C}.Debug|x86.ActiveCfg = Debug|Any CPU
		{E9A430CF-6894-4CA6-9E64-6E5266D1545C}.Release|Any CPU.ActiveCfg = Release|Any CPU
		{E9A430CF-6894-4CA6-9E64-6E5266D1545C}.Release|Any CPU.Build.0 = Release|Any CPU
		{E9A430CF-6894-4CA6-9E64-6E5266D1545C}.Release|Mixed Platforms.ActiveCfg = Release|Any CPU
		{E9A430CF-6894-4CA6-9E64-6E5266D1545C}.Release|Mixed Platforms.Build.0 = Release|Any CPU
		{E9A430CF-6894-4CA6-9E64-6E5266D1545C}.Release|Win32.ActiveCfg = Release|Any CPU
		{E9A430CF-6894-4CA6-9E64-6E5266D1545C}.Release|x86.ActiveCfg = Release|Any CPU
		{4A5D7CDC-950C-4721-ABB2-0F38D1F71480}.Debug|Any CPU.ActiveCfg = Debug|Any CPU
		{4A5D7CDC-950C-4721-ABB2-0F38D1F71480}.Debug|Any CPU.Build.0 = Debug|Any CPU
		{4A5D7CDC-950C-4721-ABB2-0F38D1F71480}.Debug|Mixed Platforms.ActiveCfg = Debug|Any CPU
		{4A5D7CDC-950C-4721-ABB2-0F38D1F71480}.Debug|Mixed Platforms.Build.0 = Debug|Any CPU
		{4A5D7CDC-950C-4721-ABB2-0F38D1F71480}.Debug|Win32.ActiveCfg = Debug|Any CPU
		{4A5D7CDC-950C-4721-ABB2-0F38D1F71480}.Debug|x86.ActiveCfg = Debug|Any CPU
		{4A5D7CDC-950C-4721-ABB2-0F38D1F71480}.Release|Any CPU.ActiveCfg = Release|Any CPU
		{4A5D7CDC-950C-4721-ABB2-0F38D1F71480}.Release|Any CPU.Build.0 = Release|Any CPU
		{4A5D7CDC-950C-4721-ABB2-0F38D1F71480}.Release|Mixed Platforms.ActiveCfg = Release|Any CPU
		{4A5D7CDC-950C-4721-ABB2-0F38D1F71480}.Release|Mixed Platforms.Build.0 = Release|Any CPU
		{4A5D7CDC-950C-4721-ABB2-0F38D1F71480}.Release|Win32.ActiveCfg = Release|Any CPU
		{4A5D7CDC-950C-4721-ABB2-0F38D1F71480}.Release|x86.ActiveCfg = Release|Any CPU
		{764F9ECC-EA6D-4ED6-AC6A-A895A4C84E89}.Debug|Any CPU.ActiveCfg = Debug|Any CPU
		{764F9ECC-EA6D-4ED6-AC6A-A895A4C84E89}.Debug|Any CPU.Build.0 = Debug|Any CPU
		{764F9ECC-EA6D-4ED6-AC6A-A895A4C84E89}.Debug|Mixed Platforms.ActiveCfg = Debug|Any CPU
		{764F9ECC-EA6D-4ED6-AC6A-A895A4C84E89}.Debug|Mixed Platforms.Build.0 = Debug|Any CPU
		{764F9ECC-EA6D-4ED6-AC6A-A895A4C84E89}.Debug|Win32.ActiveCfg = Debug|Any CPU
		{764F9ECC-EA6D-4ED6-AC6A-A895A4C84E89}.Debug|x86.ActiveCfg = Debug|Any CPU
		{764F9ECC-EA6D-4ED6-AC6A-A895A4C84E89}.Release|Any CPU.ActiveCfg = Release|Any CPU
		{764F9ECC-EA6D-4ED6-AC6A-A895A4C84E89}.Release|Any CPU.Build.0 = Release|Any CPU
		{764F9ECC-EA6D-4ED6-AC6A-A895A4C84E89}.Release|Mixed Platforms.ActiveCfg = Release|Any CPU
		{764F9ECC-EA6D-4ED6-AC6A-A895A4C84E89}.Release|Mixed Platforms.Build.0 = Release|Any CPU
		{764F9ECC-EA6D-4ED6-AC6A-A895A4C84E89}.Release|Win32.ActiveCfg = Release|Any CPU
		{764F9ECC-EA6D-4ED6-AC6A-A895A4C84E89}.Release|x86.ActiveCfg = Release|Any CPU
		{21F701FA-C03E-41E0-839A-39872AA98716}.Debug|Any CPU.ActiveCfg = Debug|x86
		{21F701FA-C03E-41E0-839A-39872AA98716}.Debug|Mixed Platforms.ActiveCfg = Debug|x86
		{21F701FA-C03E-41E0-839A-39872AA98716}.Debug|Mixed Platforms.Build.0 = Debug|x86
		{21F701FA-C03E-41E0-839A-39872AA98716}.Debug|Win32.ActiveCfg = Debug|x86
		{21F701FA-C03E-41E0-839A-39872AA98716}.Debug|Win32.Build.0 = Debug|x86
		{21F701FA-C03E-41E0-839A-39872AA98716}.Debug|x86.ActiveCfg = Debug|x86
		{21F701FA-C03E-41E0-839A-39872AA98716}.Debug|x86.Build.0 = Debug|x86
		{21F701FA-C03E-41E0-839A-39872AA98716}.Release|Any CPU.ActiveCfg = Release|x86
		{21F701FA-C03E-41E0-839A-39872AA98716}.Release|Mixed Platforms.ActiveCfg = Release|x86
		{21F701FA-C03E-41E0-839A-39872AA98716}.Release|Mixed Platforms.Build.0 = Release|x86
		{21F701FA-C03E-41E0-839A-39872AA98716}.Release|Win32.ActiveCfg = Release|x86
		{21F701FA-C03E-41E0-839A-39872AA98716}.Release|Win32.Build.0 = Release|x86
		{21F701FA-C03E-41E0-839A-39872AA98716}.Release|x86.ActiveCfg = Release|x86
		{21F701FA-C03E-41E0-839A-39872AA98716}.Release|x86.Build.0 = Release|x86
		{86008A55-2DFD-4B74-8ADD-7F3D22AC292D}.Debug|Any CPU.ActiveCfg = Debug|x86
		{86008A55-2DFD-4B74-8ADD-7F3D22AC292D}.Debug|Mixed Platforms.ActiveCfg = Debug|x86
		{86008A55-2DFD-4B74-8ADD-7F3D22AC292D}.Debug|Mixed Platforms.Build.0 = Debug|x86
		{86008A55-2DFD-4B74-8ADD-7F3D22AC292D}.Debug|Win32.ActiveCfg = Debug|x86
		{86008A55-2DFD-4B74-8ADD-7F3D22AC292D}.Debug|Win32.Build.0 = Debug|x86
		{86008A55-2DFD-4B74-8ADD-7F3D22AC292D}.Debug|x86.ActiveCfg = Debug|x86
		{86008A55-2DFD-4B74-8ADD-7F3D22AC292D}.Debug|x86.Build.0 = Debug|x86
		{86008A55-2DFD-4B74-8ADD-7F3D22AC292D}.Release|Any CPU.ActiveCfg = Release|x86
		{86008A55-2DFD-4B74-8ADD-7F3D22AC292D}.Release|Mixed Platforms.ActiveCfg = Release|x86
		{86008A55-2DFD-4B74-8ADD-7F3D22AC292D}.Release|Mixed Platforms.Build.0 = Release|x86
		{86008A55-2DFD-4B74-8ADD-7F3D22AC292D}.Release|Win32.ActiveCfg = Release|x86
		{86008A55-2DFD-4B74-8ADD-7F3D22AC292D}.Release|Win32.Build.0 = Release|x86
		{86008A55-2DFD-4B74-8ADD-7F3D22AC292D}.Release|x86.ActiveCfg = Release|x86
		{86008A55-2DFD-4B74-8ADD-7F3D22AC292D}.Release|x86.Build.0 = Release|x86
		{E4FBF1C9-1FEF-4F25-9168-7819FCF662A6}.Debug|Any CPU.ActiveCfg = Debug|Any CPU
		{E4FBF1C9-1FEF-4F25-9168-7819FCF662A6}.Debug|Any CPU.Build.0 = Debug|Any CPU
		{E4FBF1C9-1FEF-4F25-9168-7819FCF662A6}.Debug|Mixed Platforms.ActiveCfg = Debug|Any CPU
		{E4FBF1C9-1FEF-4F25-9168-7819FCF662A6}.Debug|Mixed Platforms.Build.0 = Debug|Any CPU
		{E4FBF1C9-1FEF-4F25-9168-7819FCF662A6}.Debug|Win32.ActiveCfg = Debug|Any CPU
		{E4FBF1C9-1FEF-4F25-9168-7819FCF662A6}.Debug|x86.ActiveCfg = Debug|Any CPU
		{E4FBF1C9-1FEF-4F25-9168-7819FCF662A6}.Release|Any CPU.ActiveCfg = Release|Any CPU
		{E4FBF1C9-1FEF-4F25-9168-7819FCF662A6}.Release|Any CPU.Build.0 = Release|Any CPU
		{E4FBF1C9-1FEF-4F25-9168-7819FCF662A6}.Release|Mixed Platforms.ActiveCfg = Release|Any CPU
		{E4FBF1C9-1FEF-4F25-9168-7819FCF662A6}.Release|Mixed Platforms.Build.0 = Release|Any CPU
		{E4FBF1C9-1FEF-4F25-9168-7819FCF662A6}.Release|Win32.ActiveCfg = Release|Any CPU
		{E4FBF1C9-1FEF-4F25-9168-7819FCF662A6}.Release|x86.ActiveCfg = Release|Any CPU
		{5BC4DF28-4AAC-4D92-AC5A-92F2C3D1C4F9}.Debug|Any CPU.ActiveCfg = Debug|Any CPU
		{5BC4DF28-4AAC-4D92-AC5A-92F2C3D1C4F9}.Debug|Any CPU.Build.0 = Debug|Any CPU
		{5BC4DF28-4AAC-4D92-AC5A-92F2C3D1C4F9}.Debug|Mixed Platforms.ActiveCfg = Debug|Any CPU
		{5BC4DF28-4AAC-4D92-AC5A-92F2C3D1C4F9}.Debug|Mixed Platforms.Build.0 = Debug|Any CPU
		{5BC4DF28-4AAC-4D92-AC5A-92F2C3D1C4F9}.Debug|Win32.ActiveCfg = Debug|Any CPU
		{5BC4DF28-4AAC-4D92-AC5A-92F2C3D1C4F9}.Debug|x86.ActiveCfg = Debug|Any CPU
		{5BC4DF28-4AAC-4D92-AC5A-92F2C3D1C4F9}.Release|Any CPU.ActiveCfg = Release|Any CPU
		{5BC4DF28-4AAC-4D92-AC5A-92F2C3D1C4F9}.Release|Any CPU.Build.0 = Release|Any CPU
		{5BC4DF28-4AAC-4D92-AC5A-92F2C3D1C4F9}.Release|Mixed Platforms.ActiveCfg = Release|Any CPU
		{5BC4DF28-4AAC-4D92-AC5A-92F2C3D1C4F9}.Release|Mixed Platforms.Build.0 = Release|Any CPU
		{5BC4DF28-4AAC-4D92-AC5A-92F2C3D1C4F9}.Release|Win32.ActiveCfg = Release|Any CPU
		{5BC4DF28-4AAC-4D92-AC5A-92F2C3D1C4F9}.Release|x86.ActiveCfg = Release|Any CPU
		{4663201F-C1EB-41EC-A059-74FB78768324}.Debug|Any CPU.ActiveCfg = Debug|Any CPU
		{4663201F-C1EB-41EC-A059-74FB78768324}.Debug|Any CPU.Build.0 = Debug|Any CPU
		{4663201F-C1EB-41EC-A059-74FB78768324}.Debug|Mixed Platforms.ActiveCfg = Debug|Any CPU
		{4663201F-C1EB-41EC-A059-74FB78768324}.Debug|Mixed Platforms.Build.0 = Debug|Any CPU
		{4663201F-C1EB-41EC-A059-74FB78768324}.Debug|Win32.ActiveCfg = Debug|Any CPU
		{4663201F-C1EB-41EC-A059-74FB78768324}.Debug|x86.ActiveCfg = Debug|Any CPU
		{4663201F-C1EB-41EC-A059-74FB78768324}.Release|Any CPU.ActiveCfg = Release|Any CPU
		{4663201F-C1EB-41EC-A059-74FB78768324}.Release|Any CPU.Build.0 = Release|Any CPU
		{4663201F-C1EB-41EC-A059-74FB78768324}.Release|Mixed Platforms.ActiveCfg = Release|Any CPU
		{4663201F-C1EB-41EC-A059-74FB78768324}.Release|Mixed Platforms.Build.0 = Release|Any CPU
		{4663201F-C1EB-41EC-A059-74FB78768324}.Release|Win32.ActiveCfg = Release|Any CPU
		{4663201F-C1EB-41EC-A059-74FB78768324}.Release|x86.ActiveCfg = Release|Any CPU
		{65331C87-6B19-4E66-A0B1-F8CAC98B0011}.Debug|Any CPU.ActiveCfg = Debug|Any CPU
		{65331C87-6B19-4E66-A0B1-F8CAC98B0011}.Debug|Any CPU.Build.0 = Debug|Any CPU
		{65331C87-6B19-4E66-A0B1-F8CAC98B0011}.Debug|Mixed Platforms.ActiveCfg = Debug|Any CPU
		{65331C87-6B19-4E66-A0B1-F8CAC98B0011}.Debug|Mixed Platforms.Build.0 = Debug|Any CPU
		{65331C87-6B19-4E66-A0B1-F8CAC98B0011}.Debug|Win32.ActiveCfg = Debug|Any CPU
		{65331C87-6B19-4E66-A0B1-F8CAC98B0011}.Debug|x86.ActiveCfg = Debug|Any CPU
		{65331C87-6B19-4E66-A0B1-F8CAC98B0011}.Release|Any CPU.ActiveCfg = Release|Any CPU
		{65331C87-6B19-4E66-A0B1-F8CAC98B0011}.Release|Any CPU.Build.0 = Release|Any CPU
		{65331C87-6B19-4E66-A0B1-F8CAC98B0011}.Release|Mixed Platforms.ActiveCfg = Release|Any CPU
		{65331C87-6B19-4E66-A0B1-F8CAC98B0011}.Release|Mixed Platforms.Build.0 = Release|Any CPU
		{65331C87-6B19-4E66-A0B1-F8CAC98B0011}.Release|Win32.ActiveCfg = Release|Any CPU
		{65331C87-6B19-4E66-A0B1-F8CAC98B0011}.Release|x86.ActiveCfg = Release|Any CPU
		{3FD2E411-F7FC-4D5C-9F2C-6D934CA98F23}.Debug|Any CPU.ActiveCfg = Debug|Any CPU
		{3FD2E411-F7FC-4D5C-9F2C-6D934CA98F23}.Debug|Any CPU.Build.0 = Debug|Any CPU
		{3FD2E411-F7FC-4D5C-9F2C-6D934CA98F23}.Debug|Mixed Platforms.ActiveCfg = Debug|Any CPU
		{3FD2E411-F7FC-4D5C-9F2C-6D934CA98F23}.Debug|Mixed Platforms.Build.0 = Debug|Any CPU
		{3FD2E411-F7FC-4D5C-9F2C-6D934CA98F23}.Debug|Win32.ActiveCfg = Debug|Any CPU
		{3FD2E411-F7FC-4D5C-9F2C-6D934CA98F23}.Debug|x86.ActiveCfg = Debug|Any CPU
		{3FD2E411-F7FC-4D5C-9F2C-6D934CA98F23}.Release|Any CPU.ActiveCfg = Release|Any CPU
		{3FD2E411-F7FC-4D5C-9F2C-6D934CA98F23}.Release|Any CPU.Build.0 = Release|Any CPU
		{3FD2E411-F7FC-4D5C-9F2C-6D934CA98F23}.Release|Mixed Platforms.ActiveCfg = Release|Any CPU
		{3FD2E411-F7FC-4D5C-9F2C-6D934CA98F23}.Release|Mixed Platforms.Build.0 = Release|Any CPU
		{3FD2E411-F7FC-4D5C-9F2C-6D934CA98F23}.Release|Win32.ActiveCfg = Release|Any CPU
		{3FD2E411-F7FC-4D5C-9F2C-6D934CA98F23}.Release|x86.ActiveCfg = Release|Any CPU
		{7DDF6306-9B87-445F-8B0C-7C13002D7D61}.Debug|Any CPU.ActiveCfg = Debug|x86
		{7DDF6306-9B87-445F-8B0C-7C13002D7D61}.Debug|Mixed Platforms.ActiveCfg = Debug|x86
		{7DDF6306-9B87-445F-8B0C-7C13002D7D61}.Debug|Mixed Platforms.Build.0 = Debug|x86
		{7DDF6306-9B87-445F-8B0C-7C13002D7D61}.Debug|Win32.ActiveCfg = Debug|x86
		{7DDF6306-9B87-445F-8B0C-7C13002D7D61}.Debug|Win32.Build.0 = Debug|x86
		{7DDF6306-9B87-445F-8B0C-7C13002D7D61}.Debug|x86.ActiveCfg = Debug|x86
		{7DDF6306-9B87-445F-8B0C-7C13002D7D61}.Debug|x86.Build.0 = Debug|x86
		{7DDF6306-9B87-445F-8B0C-7C13002D7D61}.Release|Any CPU.ActiveCfg = Release|x86
		{7DDF6306-9B87-445F-8B0C-7C13002D7D61}.Release|Mixed Platforms.ActiveCfg = Release|x86
		{7DDF6306-9B87-445F-8B0C-7C13002D7D61}.Release|Mixed Platforms.Build.0 = Release|x86
		{7DDF6306-9B87-445F-8B0C-7C13002D7D61}.Release|Win32.ActiveCfg = Release|x86
		{7DDF6306-9B87-445F-8B0C-7C13002D7D61}.Release|Win32.Build.0 = Release|x86
		{7DDF6306-9B87-445F-8B0C-7C13002D7D61}.Release|x86.ActiveCfg = Release|x86
		{7DDF6306-9B87-445F-8B0C-7C13002D7D61}.Release|x86.Build.0 = Release|x86
		{919EEC56-F7C7-482E-BB49-09A89B15C443}.Debug|Any CPU.ActiveCfg = Debug|x86
		{919EEC56-F7C7-482E-BB49-09A89B15C443}.Debug|Mixed Platforms.ActiveCfg = Debug|x86
		{919EEC56-F7C7-482E-BB49-09A89B15C443}.Debug|Mixed Platforms.Build.0 = Debug|x86
		{919EEC56-F7C7-482E-BB49-09A89B15C443}.Debug|Win32.ActiveCfg = Debug|x86
		{919EEC56-F7C7-482E-BB49-09A89B15C443}.Debug|Win32.Build.0 = Debug|x86
		{919EEC56-F7C7-482E-BB49-09A89B15C443}.Debug|x86.ActiveCfg = Debug|x86
		{919EEC56-F7C7-482E-BB49-09A89B15C443}.Debug|x86.Build.0 = Debug|x86
		{919EEC56-F7C7-482E-BB49-09A89B15C443}.Release|Any CPU.ActiveCfg = Release|x86
		{919EEC56-F7C7-482E-BB49-09A89B15C443}.Release|Mixed Platforms.ActiveCfg = Release|x86
		{919EEC56-F7C7-482E-BB49-09A89B15C443}.Release|Mixed Platforms.Build.0 = Release|x86
		{919EEC56-F7C7-482E-BB49-09A89B15C443}.Release|Win32.ActiveCfg = Release|x86
		{919EEC56-F7C7-482E-BB49-09A89B15C443}.Release|Win32.Build.0 = Release|x86
		{919EEC56-F7C7-482E-BB49-09A89B15C443}.Release|x86.ActiveCfg = Release|x86
		{919EEC56-F7C7-482E-BB49-09A89B15C443}.Release|x86.Build.0 = Release|x86
		{52CD87BC-1ED8-4EA5-8016-5491198679E4}.Debug|Any CPU.ActiveCfg = Debug|x86
		{52CD87BC-1ED8-4EA5-8016-5491198679E4}.Debug|Mixed Platforms.ActiveCfg = Debug|x86
		{52CD87BC-1ED8-4EA5-8016-5491198679E4}.Debug|Mixed Platforms.Build.0 = Debug|x86
		{52CD87BC-1ED8-4EA5-8016-5491198679E4}.Debug|Win32.ActiveCfg = Debug|x86
		{52CD87BC-1ED8-4EA5-8016-5491198679E4}.Debug|Win32.Build.0 = Debug|x86
		{52CD87BC-1ED8-4EA5-8016-5491198679E4}.Debug|x86.ActiveCfg = Debug|x86
		{52CD87BC-1ED8-4EA5-8016-5491198679E4}.Debug|x86.Build.0 = Debug|x86
		{52CD87BC-1ED8-4EA5-8016-5491198679E4}.Release|Any CPU.ActiveCfg = Release|x86
		{52CD87BC-1ED8-4EA5-8016-5491198679E4}.Release|Mixed Platforms.ActiveCfg = Release|x86
		{52CD87BC-1ED8-4EA5-8016-5491198679E4}.Release|Mixed Platforms.Build.0 = Release|x86
		{52CD87BC-1ED8-4EA5-8016-5491198679E4}.Release|Win32.ActiveCfg = Release|x86
		{52CD87BC-1ED8-4EA5-8016-5491198679E4}.Release|Win32.Build.0 = Release|x86
		{52CD87BC-1ED8-4EA5-8016-5491198679E4}.Release|x86.ActiveCfg = Release|x86
		{52CD87BC-1ED8-4EA5-8016-5491198679E4}.Release|x86.Build.0 = Release|x86
	EndGlobalSection
	GlobalSection(SolutionProperties) = preSolution
		HideSolutionNode = FALSE
	EndGlobalSection
	GlobalSection(NestedProjects) = preSolution
		{6E889817-C38C-47C6-B0D9-54BF15A05F1D} = {027248A7-BA3C-4E13-A293-B7365A7DB6D2}
		{E4FBF1C9-1FEF-4F25-9168-7819FCF662A6} = {34E0B07A-86F9-46C9-9CB4-2458D352F78D}
		{5BC4DF28-4AAC-4D92-AC5A-92F2C3D1C4F9} = {34E0B07A-86F9-46C9-9CB4-2458D352F78D}
		{4663201F-C1EB-41EC-A059-74FB78768324} = {34E0B07A-86F9-46C9-9CB4-2458D352F78D}
		{65331C87-6B19-4E66-A0B1-F8CAC98B0011} = {34E0B07A-86F9-46C9-9CB4-2458D352F78D}
		{ADE35221-1647-47EE-9C41-4B059F9D5B66} = {A321199E-9DEF-4DA2-86D0-4496BA6E0DA8}
		{E7AC1F5A-D163-468F-A9B2-C1B6A72F95A1} = {A321199E-9DEF-4DA2-86D0-4496BA6E0DA8}
	EndGlobalSection
EndGlobal
